
Microsoft Visual Studio Solution File, Format Version 12.00
# Visual Studio 2013
VisualStudioVersion = 12.0.31101.0
MinimumVisualStudioVersion = 10.0.40219.1
Project("{CC5FD16D-436D-48AD-A40C-5A424C6E3E79}") = "GasTracker", "GasTracker\GasTracker.ccproj", "{E27B29E0-51FA-4E96-AE38-70B30ED21760}"
EndProject
Project("{FAE04EC0-301F-11D3-BF4B-00C04F79EFBC}") = "App", "App\App.csproj", "{F43D9196-C774-40DA-AFF2-6C015115AFEA}"
EndProject
Project("{FAE04EC0-301F-11D3-BF4B-00C04F79EFBC}") = "API", "API\API.csproj", "{A5C41B61-3EB0-4992-BB65-7189748A64A0}"
EndProject
Project("{FAE04EC0-301F-11D3-BF4B-00C04F79EFBC}") = "Processor", "Processor\Processor.csproj", "{5C4B802B-6A0C-49B6-938C-6CA0F3BB2DC8}"
EndProject
Project("{2150E333-8FDC-42A3-9474-1A3956D46DE8}") = ".nuget", ".nuget", "{0EC826C1-D9BD-4C30-9F81-D47C050659CA}"
	ProjectSection(SolutionItems) = preProject
		.nuget\NuGet.Config = .nuget\NuGet.Config
		.nuget\NuGet.exe = .nuget\NuGet.exe
		.nuget\NuGet.targets = .nuget\NuGet.targets
	EndProjectSection
EndProject
Project("{2150E333-8FDC-42A3-9474-1A3956D46DE8}") = "Sites", "Sites", "{682F738F-BBF5-41B1-8DFB-F5AA49C84B93}"
EndProject
Project("{2150E333-8FDC-42A3-9474-1A3956D46DE8}") = "Models", "Models", "{2591E0CB-6579-4235-A68E-9402CF9394B5}"
EndProject
Project("{2150E333-8FDC-42A3-9474-1A3956D46DE8}") = "Infrastructure", "Infrastructure", "{50A2C3F8-0FF5-42A5-93DB-4B2FF9EA88F8}"
EndProject
Project("{FAE04EC0-301F-11D3-BF4B-00C04F79EFBC}") = "LiterallyFood.CQRS", "LiterallyFood.CQRS\LiterallyFood.CQRS.csproj", "{D2BAB57D-225D-4F4C-9410-ED39495A8FE0}"
EndProject
Project("{FAE04EC0-301F-11D3-BF4B-00C04F79EFBC}") = "Events", "Events\Events.csproj", "{EF25EEB5-104A-4417-B23E-C7370A797D6D}"
EndProject
Project("{FAE04EC0-301F-11D3-BF4B-00C04F79EFBC}") = "Commands", "Commands\Commands.csproj", "{7BCCB2D8-C8EC-46DC-A5DD-813F7FDD26AF}"
EndProject
Global
	GlobalSection(SolutionConfigurationPlatforms) = preSolution
		Debug|Any CPU = Debug|Any CPU
		Release|Any CPU = Release|Any CPU
	EndGlobalSection
	GlobalSection(ProjectConfigurationPlatforms) = postSolution
		{E27B29E0-51FA-4E96-AE38-70B30ED21760}.Debug|Any CPU.ActiveCfg = Debug|Any CPU
		{E27B29E0-51FA-4E96-AE38-70B30ED21760}.Debug|Any CPU.Build.0 = Debug|Any CPU
		{E27B29E0-51FA-4E96-AE38-70B30ED21760}.Release|Any CPU.ActiveCfg = Release|Any CPU
		{E27B29E0-51FA-4E96-AE38-70B30ED21760}.Release|Any CPU.Build.0 = Release|Any CPU
		{F43D9196-C774-40DA-AFF2-6C015115AFEA}.Debug|Any CPU.ActiveCfg = Debug|Any CPU
		{F43D9196-C774-40DA-AFF2-6C015115AFEA}.Debug|Any CPU.Build.0 = Debug|Any CPU
		{F43D9196-C774-40DA-AFF2-6C015115AFEA}.Release|Any CPU.ActiveCfg = Release|Any CPU
		{F43D9196-C774-40DA-AFF2-6C015115AFEA}.Release|Any CPU.Build.0 = Release|Any CPU
		{A5C41B61-3EB0-4992-BB65-7189748A64A0}.Debug|Any CPU.ActiveCfg = Debug|Any CPU
		{A5C41B61-3EB0-4992-BB65-7189748A64A0}.Debug|Any CPU.Build.0 = Debug|Any CPU
		{A5C41B61-3EB0-4992-BB65-7189748A64A0}.Release|Any CPU.ActiveCfg = Release|Any CPU
		{A5C41B61-3EB0-4992-BB65-7189748A64A0}.Release|Any CPU.Build.0 = Release|Any CPU
		{5C4B802B-6A0C-49B6-938C-6CA0F3BB2DC8}.Debug|Any CPU.ActiveCfg = Debug|Any CPU
		{5C4B802B-6A0C-49B6-938C-6CA0F3BB2DC8}.Debug|Any CPU.Build.0 = Debug|Any CPU
		{5C4B802B-6A0C-49B6-938C-6CA0F3BB2DC8}.Release|Any CPU.ActiveCfg = Release|Any CPU
		{5C4B802B-6A0C-49B6-938C-6CA0F3BB2DC8}.Release|Any CPU.Build.0 = Release|Any CPU
		{D2BAB57D-225D-4F4C-9410-ED39495A8FE0}.Debug|Any CPU.ActiveCfg = Debug|Any CPU
		{D2BAB57D-225D-4F4C-9410-ED39495A8FE0}.Debug|Any CPU.Build.0 = Debug|Any CPU
		{D2BAB57D-225D-4F4C-9410-ED39495A8FE0}.Release|Any CPU.ActiveCfg = Release|Any CPU
		{D2BAB57D-225D-4F4C-9410-ED39495A8FE0}.Release|Any CPU.Build.0 = Release|Any CPU
		{EF25EEB5-104A-4417-B23E-C7370A797D6D}.Debug|Any CPU.ActiveCfg = Debug|Any CPU
		{EF25EEB5-104A-4417-B23E-C7370A797D6D}.Debug|Any CPU.Build.0 = Debug|Any CPU
		{EF25EEB5-104A-4417-B23E-C7370A797D6D}.Release|Any CPU.ActiveCfg = Release|Any CPU
		{EF25EEB5-104A-4417-B23E-C7370A797D6D}.Release|Any CPU.Build.0 = Release|Any CPU
		{7BCCB2D8-C8EC-46DC-A5DD-813F7FDD26AF}.Debug|Any CPU.ActiveCfg = Debug|Any CPU
		{7BCCB2D8-C8EC-46DC-A5DD-813F7FDD26AF}.Debug|Any CPU.Build.0 = Debug|Any CPU
		{7BCCB2D8-C8EC-46DC-A5DD-813F7FDD26AF}.Release|Any CPU.ActiveCfg = Release|Any CPU
		{7BCCB2D8-C8EC-46DC-A5DD-813F7FDD26AF}.Release|Any CPU.Build.0 = Release|Any CPU
	EndGlobalSection
	GlobalSection(SolutionProperties) = preSolution
		HideSolutionNode = FALSE
	EndGlobalSection
	GlobalSection(NestedProjects) = preSolution
		{F43D9196-C774-40DA-AFF2-6C015115AFEA} = {682F738F-BBF5-41B1-8DFB-F5AA49C84B93}
		{A5C41B61-3EB0-4992-BB65-7189748A64A0} = {682F738F-BBF5-41B1-8DFB-F5AA49C84B93}
		{D2BAB57D-225D-4F4C-9410-ED39495A8FE0} = {50A2C3F8-0FF5-42A5-93DB-4B2FF9EA88F8}
		{EF25EEB5-104A-4417-B23E-C7370A797D6D} = {2591E0CB-6579-4235-A68E-9402CF9394B5}
		{7BCCB2D8-C8EC-46DC-A5DD-813F7FDD26AF} = {2591E0CB-6579-4235-A68E-9402CF9394B5}
	EndGlobalSection
EndGlobal
